// !$*UTF8*$!
{
	archiveVersion = 1;
	classes = {
	};
	objectVersion = 46;
	objects = {

/* Begin PBXBuildFile section */
		5B4EACF81E71308000045C09 /* SettingsViewController.m in Sources */ = {isa = PBXBuildFile; fileRef = 5B4EACF71E71308000045C09 /* SettingsViewController.m */; };
		5B6B00721E6E929800CE5140 /* main.m in Sources */ = {isa = PBXBuildFile; fileRef = 5B6B00711E6E929800CE5140 /* main.m */; };
		5B6B00751E6E929800CE5140 /* AppDelegate.m in Sources */ = {isa = PBXBuildFile; fileRef = 5B6B00741E6E929800CE5140 /* AppDelegate.m */; };
		5B6B00781E6E929800CE5140 /* TipViewController.m in Sources */ = {isa = PBXBuildFile; fileRef = 5B6B00771E6E929800CE5140 /* TipViewController.m */; };
		5B6B007B1E6E929800CE5140 /* Main.storyboard in Resources */ = {isa = PBXBuildFile; fileRef = 5B6B00791E6E929800CE5140 /* Main.storyboard */; };
		5B6B007D1E6E929800CE5140 /* Assets.xcassets in Resources */ = {isa = PBXBuildFile; fileRef = 5B6B007C1E6E929800CE5140 /* Assets.xcassets */; };
		5B6B00801E6E929800CE5140 /* LaunchScreen.storyboard in Resources */ = {isa = PBXBuildFile; fileRef = 5B6B007E1E6E929800CE5140 /* LaunchScreen.storyboard */; };
/* End PBXBuildFile section */

/* Begin PBXFileReference section */
		5B4EACF61E71308000045C09 /* SettingsViewController.h */ = {isa = PBXFileReference; fileEncoding = 4; lastKnownFileType = sourcecode.c.h; path = SettingsViewController.h; sourceTree = "<group>"; };
		5B4EACF71E71308000045C09 /* SettingsViewController.m */ = {isa = PBXFileReference; fileEncoding = 4; lastKnownFileType = sourcecode.c.objc; path = SettingsViewController.m; sourceTree = "<group>"; };
		5B6B006D1E6E929800CE5140 /* Tipcalculator.app */ = {isa = PBXFileReference; explicitFileType = wrapper.application; includeInIndex = 0; path = Tipcalculator.app; sourceTree = BUILT_PRODUCTS_DIR; };
		5B6B00711E6E929800CE5140 /* main.m */ = {isa = PBXFileReference; lastKnownFileType = sourcecode.c.objc; path = main.m; sourceTree = "<group>"; };
		5B6B00731E6E929800CE5140 /* AppDelegate.h */ = {isa = PBXFileReference; lastKnownFileType = sourcecode.c.h; path = AppDelegate.h; sourceTree = "<group>"; };
		5B6B00741E6E929800CE5140 /* AppDelegate.m */ = {isa = PBXFileReference; lastKnownFileType = sourcecode.c.objc; path = AppDelegate.m; sourceTree = "<group>"; };
		5B6B00761E6E929800CE5140 /* TipViewController.h */ = {isa = PBXFileReference; lastKnownFileType = sourcecode.c.h; path = TipViewController.h; sourceTree = "<group>"; };
		5B6B00771E6E929800CE5140 /* TipViewController.m */ = {isa = PBXFileReference; lastKnownFileType = sourcecode.c.objc; path = TipViewController.m; sourceTree = "<group>"; };
		5B6B007A1E6E929800CE5140 /* Base */ = {isa = PBXFileReference; lastKnownFileType = file.storyboard; name = Base; path = Base.lproj/Main.storyboard; sourceTree = "<group>"; };
		5B6B007C1E6E929800CE5140 /* Assets.xcassets */ = {isa = PBXFileReference; lastKnownFileType = folder.assetcatalog; path = Assets.xcassets; sourceTree = "<group>"; };
		5B6B007F1E6E929800CE5140 /* Base */ = {isa = PBXFileReference; lastKnownFileType = file.storyboard; name = Base; path = Base.lproj/LaunchScreen.storyboard; sourceTree = "<group>"; };
		5B6B00811E6E929800CE5140 /* Info.plist */ = {isa = PBXFileReference; lastKnownFileType = text.plist.xml; path = Info.plist; sourceTree = "<group>"; };
/* End PBXFileReference section */

/* Begin PBXFrameworksBuildPhase section */
		5B6B006A1E6E929800CE5140 /* Frameworks */ = {
			isa = PBXFrameworksBuildPhase;
			buildActionMask = 2147483647;
			files = (
			);
			runOnlyForDeploymentPostprocessing = 0;
		};
/* End PBXFrameworksBuildPhase section */

/* Begin PBXGroup section */
		5B6B00641E6E929800CE5140 = {
			isa = PBXGroup;
			children = (
				5B4EACF61E71308000045C09 /* SettingsViewController.h */,
				5B4EACF71E71308000045C09 /* SettingsViewController.m */,
				5B6B006F1E6E929800CE5140 /* Tipcalculator */,
				5B6B006E1E6E929800CE5140 /* Products */,
			);
			sourceTree = "<group>";
		};
		5B6B006E1E6E929800CE5140 /* Products */ = {
			isa = PBXGroup;
			children = (
				5B6B006D1E6E929800CE5140 /* Tipcalculator.app */,
			);
			name = Products;
			sourceTree = "<group>";
		};
		5B6B006F1E6E929800CE5140 /* Tipcalculator */ = {
			isa = PBXGroup;
			children = (
				5B6B00731E6E929800CE5140 /* AppDelegate.h */,
				5B6B00741E6E929800CE5140 /* AppDelegate.m */,
				5B6B00761E6E929800CE5140 /* TipViewController.h */,
				5B6B00771E6E929800CE5140 /* TipViewController.m */,
				5B6B00791E6E929800CE5140 /* Main.storyboard */,
				5B6B007C1E6E929800CE5140 /* Assets.xcassets */,
				5B6B007E1E6E929800CE5140 /* LaunchScreen.storyboard */,
				5B6B00811E6E929800CE5140 /* Info.plist */,
				5B6B00701E6E929800CE5140 /* Supporting Files */,
			);
			path = Tipcalculator;
			sourceTree = "<group>";
		};
		5B6B00701E6E929800CE5140 /* Supporting Files */ = {
			isa = PBXGroup;
			children = (
				5B6B00711E6E929800CE5140 /* main.m */,
			);
			name = "Supporting Files";
			sourceTree = "<group>";
		};
/* End PBXGroup section */

/* Begin PBXNativeTarget section */
		5B6B006C1E6E929800CE5140 /* Tipcalculator */ = {
			isa = PBXNativeTarget;
			buildConfigurationList = 5B6B00841E6E929800CE5140 /* Build configuration list for PBXNativeTarget "Tipcalculator" */;
			buildPhases = (
				5B6B00691E6E929800CE5140 /* Sources */,
				5B6B006A1E6E929800CE5140 /* Frameworks */,
				5B6B006B1E6E929800CE5140 /* Resources */,
			);
			buildRules = (
			);
			dependencies = (
			);
			name = Tipcalculator;
			productName = Tipcalculator;
			productReference = 5B6B006D1E6E929800CE5140 /* Tipcalculator.app */;
			productType = "com.apple.product-type.application";
		};
/* End PBXNativeTarget section */

/* Begin PBXProject section */
		5B6B00651E6E929800CE5140 /* Project object */ = {
			isa = PBXProject;
			attributes = {
				LastUpgradeCheck = 0810;
				ORGANIZATIONNAME = Codepath;
				TargetAttributes = {
					5B6B006C1E6E929800CE5140 = {
						CreatedOnToolsVersion = 8.1;
						ProvisioningStyle = Automatic;
					};
				};
			};
			buildConfigurationList = 5B6B00681E6E929800CE5140 /* Build configuration list for PBXProject "Tipcalculator" */;
			compatibilityVersion = "Xcode 3.2";
			developmentRegion = English;
			hasScannedForEncodings = 0;
			knownRegions = (
				en,
				Base,
			);
			mainGroup = 5B6B00641E6E929800CE5140;
			productRefGroup = 5B6B006E1E6E929800CE5140 /* Products */;
			projectDirPath = "";
			projectRoot = "";
			targets = (
				5B6B006C1E6E929800CE5140 /* Tipcalculator */,
			);
		};
/* End PBXProject section */

/* Begin PBXResourcesBuildPhase section */
		5B6B006B1E6E929800CE5140 /* Resources */ = {
			isa = PBXResourcesBuildPhase;
			buildActionMask = 2147483647;
			files = (
				5B6B00801E6E929800CE5140 /* LaunchScreen.storyboard in Resources */,
				5B6B007D1E6E929800CE5140 /* Assets.xcassets in Resources */,
				5B6B007B1E6E929800CE5140 /* Main.storyboard in Resources */,
			);
			runOnlyForDeploymentPostprocessing = 0;
		};
/* End PBXResourcesBuildPhase section */

/* Begin PBXSourcesBuildPhase section */
		5B6B00691E6E929800CE5140 /* Sources */ = {
			isa = PBXSourcesBuildPhase;
			buildActionMask = 2147483647;
			files = (
				5B6B00781E6E929800CE5140 /* TipViewController.m in Sources */,
				5B6B00751E6E929800CE5140 /* AppDelegate.m in Sources */,
				5B6B00721E6E929800CE5140 /* main.m in Sources */,
				5B4EACF81E71308000045C09 /* SettingsViewController.m in Sources */,
			);
			runOnlyForDeploymentPostprocessing = 0;
		};
/* End PBXSourcesBuildPhase section */

/* Begin PBXVariantGroup section */
		5B6B00791E6E929800CE5140 /* Main.storyboard */ = {
			isa = PBXVariantGroup;
			children = (
				5B6B007A1E6E929800CE5140 /* Base */,
			);
			name = Main.storyboard;
			sourceTree = "<group>";
		};
		5B6B007E1E6E929800CE5140 /* LaunchScreen.storyboard */ = {
			isa = PBXVariantGroup;
			children = (
				5B6B007F1E6E929800CE5140 /* Base */,
			);
			name = LaunchScreen.storyboard;
			sourceTree = "<group>";
		};
/* End PBXVariantGroup section */

/* Begin XCBuildConfiguration section */
		5B6B00821E6E929800CE5140 /* Debug */ = {
			isa = XCBuildConfiguration;
			buildSettings = {
				ALWAYS_SEARCH_USER_PATHS = NO;
				CLANG_ANALYZER_NONNULL = YES;
				CLANG_CXX_LANGUAGE_STANDARD = "gnu++0x";
				CLANG_CXX_LIBRARY = "libc++";
				CLANG_ENABLE_MODULES = YES;
				CLANG_ENABLE_OBJC_ARC = YES;
				CLANG_WARN_BOOL_CONVERSION = YES;
				CLANG_WARN_CONSTANT_CONVERSION = YES;
				CLANG_WARN_DIRECT_OBJC_ISA_USAGE = YES_ERROR;
				CLANG_WARN_DOCUMENTATION_COMMENTS = YES;
				CLANG_WARN_EMPTY_BODY = YES;
				CLANG_WARN_ENUM_CONVERSION = YES;
				CLANG_WARN_INFINITE_RECURSION = YES;
				CLANG_WARN_INT_CONVERSION = YES;
				CLANG_WARN_OBJC_ROOT_CLASS = YES_ERROR;
				CLANG_WARN_SUSPICIOUS_MOVES = YES;
				CLANG_WARN_UNREACHABLE_CODE = YES;
				CLANG_WARN__DUPLICATE_METHOD_MATCH = YES;
				"CODE_SIGN_IDENTITY[sdk=iphoneos*]" = "iPhone Developer";
				COPY_PHASE_STRIP = NO;
				DEBUG_INFORMATION_FORMAT = dwarf;
				ENABLE_STRICT_OBJC_MSGSEND = YES;
				ENABLE_TESTABILITY = YES;
				GCC_C_LANGUAGE_STANDARD = gnu99;
				GCC_DYNAMIC_NO_PIC = NO;
				GCC_NO_COMMON_BLOCKS = YES;
				GCC_OPTIMIZATION_LEVEL = 0;
				GCC_PREPROCESSOR_DEFINITIONS = (
					"DEBUG=1",
					"$(inherited)",
				);
				GCC_WARN_64_TO_32_BIT_CONVERSION = YES;
				GCC_WARN_ABOUT_RETURN_TYPE = YES_ERROR;
				GCC_WARN_UNDECLARED_SELECTOR = YES;
				GCC_WARN_UNINITIALIZED_AUTOS = YES_AGGRESSIVE;
				GCC_WARN_UNUSED_FUNCTION = YES;
				GCC_WARN_UNUSED_VARIABLE = YES;
				IPHONEOS_DEPLOYMENT_TARGET = 10.1;
				MTL_ENABLE_DEBUG_INFO = YES;
				ONLY_ACTIVE_ARCH = YES;
				SDKROOT = iphoneos;
				TARGETED_DEVICE_FAMILY = "1,2";
			};
			name = Debug;
		};
		5B6B00831E6E929800CE5140 /* Release */ = {
			isa = XCBuildConfiguration;
			buildSettings = {
				ALWAYS_SEARCH_USER_PATHS = NO;
				CLANG_ANALYZER_NONNULL = YES;
				CLANG_CXX_LANGUAGE_STANDARD = "gnu++0x";
				CLANG_CXX_LIBRARY = "libc++";
				CLANG_ENABLE_MODULES = YES;
				CLANG_ENABLE_OBJC_ARC = YES;
				CLANG_WARN_BOOL_CONVERSION = YES;
				CLANG_WARN_CONSTANT_CONVERSION = YES;
				CLANG_WARN_DIRECT_OBJC_ISA_USAGE = YES_ERROR;
				CLANG_WARN_DOCUMENTATION_COMMENTS = YES;
				CLANG_WARN_EMPTY_BODY = YES;
				CLANG_WARN_ENUM_CONVERSION = YES;
				CLANG_WARN_INFINITE_RECURSION = YES;
				CLANG_WARN_INT_CONVERSION = YES;
				CLANG_WARN_OBJC_ROOT_CLASS = YES_ERROR;
				CLANG_WARN_SUSPICIOUS_MOVES = YES;
				CLANG_WARN_UNREACHABLE_CODE = YES;
				CLANG_WARN__DUPLICATE_METHOD_MATCH = YES;
				"CODE_SIGN_IDENTITY[sdk=iphoneos*]" = "iPhone Developer";
				COPY_PHASE_STRIP = NO;
				DEBUG_INFORMATION_FORMAT = "dwarf-with-dsym";
				ENABLE_NS_ASSERTIONS = NO;
				ENABLE_STRICT_OBJC_MSGSEND = YES;
				GCC_C_LANGUAGE_STANDARD = gnu99;
				GCC_NO_COMMON_BLOCKS = YES;
				GCC_WARN_64_TO_32_BIT_CONVERSION = YES;
				GCC_WARN_ABOUT_RETURN_TYPE = YES_ERROR;
				GCC_WARN_UNDECLARED_SELECTOR = YES;
				GCC_WARN_UNINITIALIZED_AUTOS = YES_AGGRESSIVE;
				GCC_WARN_UNUSED_FUNCTION = YES;
				GCC_WARN_UNUSED_VARIABLE = YES;
				IPHONEOS_DEPLOYMENT_TARGET = 10.1;
				MTL_ENABLE_DEBUG_INFO = NO;
				SDKROOT = iphoneos;
				TARGETED_DEVICE_FAMILY = "1,2";
				VALIDATE_PRODUCT = YES;
			};
			name = Release;
		};
		5B6B00851E6E929800CE5140 /* Debug */ = {
			isa = XCBuildConfiguration;
			buildSettings = {
				ASSETCATALOG_COMPILER_APPICON_NAME = AppIcon;
				INFOPLIST_FILE = Tipcalculator/Info.plist;
				LD_RUNPATH_SEARCH_PATHS = "$(inherited) @executable_path/Frameworks";
				PRODUCT_BUNDLE_IDENTIFIER = "com-codepath.Tipcalculator";
				PRODUCT_NAME = "$(TARGET_NAME)";
			};
			name = Debug;
		};
		5B6B00861E6E929800CE5140 /* Release */ = {
			isa = XCBuildConfiguration;
			buildSettings = {
				ASSETCATALOG_COMPILER_APPICON_NAME = AppIcon;
				INFOPLIST_FILE = Tipcalculator/Info.plist;
				LD_RUNPATH_SEARCH_PATHS = "$(inherited) @executable_path/Frameworks";
				PRODUCT_BUNDLE_IDENTIFIER = "com-codepath.Tipcalculator";
				PRODUCT_NAME = "$(TARGET_NAME)";
			};
			name = Release;
		};
/* End XCBuildConfiguration section */

/* Begin XCConfigurationList section */
		5B6B00681E6E929800CE5140 /* Build configuration list for PBXProject "Tipcalculator" */ = {
			isa = XCConfigurationList;
			buildConfigurations = (
				5B6B00821E6E929800CE5140 /* Debug */,
				5B6B00831E6E929800CE5140 /* Release */,
			);
			defaultConfigurationIsVisible = 0;
			defaultConfigurationName = Release;
		};
		5B6B00841E6E929800CE5140 /* Build configuration list for PBXNativeTarget "Tipcalculator" */ = {
			isa = XCConfigurationList;
			buildConfigurations = (
				5B6B00851E6E929800CE5140 /* Debug */,
				5B6B00861E6E929800CE5140 /* Release */,
			);
			defaultConfigurationIsVisible = 0;
			defaultConfigurationName = Release;
		};
/* End XCConfigurationList section */
	};
	rootObject = 5B6B00651E6E929800CE5140 /* Project object */;
}
